
Microsoft Visual Studio Solution File, Format Version 12.00
# Visual Studio Version 16
VisualStudioVersion = 16.0.31402.337
MinimumVisualStudioVersion = 10.0.40219.1
Project("{FAE04EC0-301F-11D3-BF4B-00C04F79EFBC}") = "ProjetoFinal", "ProjetoFinal\ProjetoFinal.csproj", "{3E2EB298-6F04-4940-880D-B3880B83F8DE}"
EndProject
Global
	GlobalSection(SolutionConfigurationPlatforms) = preSolution
		Debug|Any CPU = Debug|Any CPU
		Release|Any CPU = Release|Any CPU
	EndGlobalSection
	GlobalSection(ProjectConfigurationPlatforms) = postSolution
		{3E2EB298-6F04-4940-880D-B3880B83F8DE}.Debug|Any CPU.ActiveCfg = Debug|Any CPU
		{3E2EB298-6F04-4940-880D-B3880B83F8DE}.Debug|Any CPU.Build.0 = Debug|Any CPU
		{3E2EB298-6F04-4940-880D-B3880B83F8DE}.Release|Any CPU.ActiveCfg = Release|Any CPU
		{3E2EB298-6F04-4940-880D-B3880B83F8DE}.Release|Any CPU.Build.0 = Release|Any CPU
	EndGlobalSection
	GlobalSection(SolutionProperties) = preSolution
		HideSolutionNode = FALSE
	EndGlobalSection
	GlobalSection(ExtensibilityGlobals) = postSolution
		SolutionGuid = {17ED6820-503D-49AA-8B7E-4128F816CCBC}
	EndGlobalSection
EndGlobal
